
Microsoft Visual Studio Solution File, Format Version 12.00
# Visual Studio Version 16
VisualStudioVersion = 16.0.29519.181
MinimumVisualStudioVersion = 10.0.40219.1
Project("{FAE04EC0-301F-11D3-BF4B-00C04F79EFBC}") = "MovieRent", "MovieRent\MovieRent.csproj", "{EBF2C0B5-3C4D-4A97-A862-D06925EF7A6E}"
EndProject
Global
	GlobalSection(SolutionConfigurationPlatforms) = preSolution
		Debug|Any CPU = Debug|Any CPU
		Release|Any CPU = Release|Any CPU
	EndGlobalSection
	GlobalSection(ProjectConfigurationPlatforms) = postSolution
		{EBF2C0B5-3C4D-4A97-A862-D06925EF7A6E}.Debug|Any CPU.ActiveCfg = Debug|Any CPU
		{EBF2C0B5-3C4D-4A97-A862-D06925EF7A6E}.Debug|Any CPU.Build.0 = Debug|Any CPU
		{EBF2C0B5-3C4D-4A97-A862-D06925EF7A6E}.Release|Any CPU.ActiveCfg = Release|Any CPU
		{EBF2C0B5-3C4D-4A97-A862-D06925EF7A6E}.Release|Any CPU.Build.0 = Release|Any CPU
	EndGlobalSection
	GlobalSection(SolutionProperties) = preSolution
		HideSolutionNode = FALSE
	EndGlobalSection
	GlobalSection(ExtensibilityGlobals) = postSolution
		SolutionGuid = {7AFD6DB4-B4EA-4ACA-8F7B-03401913935B}
	EndGlobalSection
EndGlobal
